// !$*UTF8*$!
{
	archiveVersion = 1;
	classes = {
	};
	objectVersion = 55;
	objects = {

/* Begin PBXBuildFile section */
		CAC1C18627A0C3AA00B12258 /* VenueChallengeApp.swift in Sources */ = {isa = PBXBuildFile; fileRef = CAC1C18527A0C3AA00B12258 /* VenueChallengeApp.swift */; };
		CAC1C18827A0C3AA00B12258 /* ContentView.swift in Sources */ = {isa = PBXBuildFile; fileRef = CAC1C18727A0C3AA00B12258 /* ContentView.swift */; };
		CAC1C18A27A0C3AC00B12258 /* Assets.xcassets in Resources */ = {isa = PBXBuildFile; fileRef = CAC1C18927A0C3AC00B12258 /* Assets.xcassets */; };
		CAC1C18D27A0C3AC00B12258 /* Preview Assets.xcassets in Resources */ = {isa = PBXBuildFile; fileRef = CAC1C18C27A0C3AC00B12258 /* Preview Assets.xcassets */; };
		CAC1C19627A0C3F500B12258 /* NetworkError.swift in Sources */ = {isa = PBXBuildFile; fileRef = CAC1C19527A0C3F500B12258 /* NetworkError.swift */; };
		CAC1C19827A0C40C00B12258 /* NetworkManager.swift in Sources */ = {isa = PBXBuildFile; fileRef = CAC1C19727A0C40C00B12258 /* NetworkManager.swift */; };
		CAC1C19B27A0C7D200B12258 /* GuideCollection.swift in Sources */ = {isa = PBXBuildFile; fileRef = CAC1C19A27A0C7D200B12258 /* GuideCollection.swift */; };
		CAC1C19D27A0C7EE00B12258 /* Guide.swift in Sources */ = {isa = PBXBuildFile; fileRef = CAC1C19C27A0C7EE00B12258 /* Guide.swift */; };
		CAC1C19F27A0C8E100B12258 /* Venue.swift in Sources */ = {isa = PBXBuildFile; fileRef = CAC1C19E27A0C8E100B12258 /* Venue.swift */; };
/* End PBXBuildFile section */

/* Begin PBXFileReference section */
		CAC1C18227A0C3AA00B12258 /* VenueChallenge.app */ = {isa = PBXFileReference; explicitFileType = wrapper.application; includeInIndex = 0; path = VenueChallenge.app; sourceTree = BUILT_PRODUCTS_DIR; };
		CAC1C18527A0C3AA00B12258 /* VenueChallengeApp.swift */ = {isa = PBXFileReference; lastKnownFileType = sourcecode.swift; path = VenueChallengeApp.swift; sourceTree = "<group>"; };
		CAC1C18727A0C3AA00B12258 /* ContentView.swift */ = {isa = PBXFileReference; lastKnownFileType = sourcecode.swift; path = ContentView.swift; sourceTree = "<group>"; };
		CAC1C18927A0C3AC00B12258 /* Assets.xcassets */ = {isa = PBXFileReference; lastKnownFileType = folder.assetcatalog; path = Assets.xcassets; sourceTree = "<group>"; };
		CAC1C18C27A0C3AC00B12258 /* Preview Assets.xcassets */ = {isa = PBXFileReference; lastKnownFileType = folder.assetcatalog; path = "Preview Assets.xcassets"; sourceTree = "<group>"; };
		CAC1C19527A0C3F500B12258 /* NetworkError.swift */ = {isa = PBXFileReference; lastKnownFileType = sourcecode.swift; path = NetworkError.swift; sourceTree = "<group>"; };
		CAC1C19727A0C40C00B12258 /* NetworkManager.swift */ = {isa = PBXFileReference; lastKnownFileType = sourcecode.swift; path = NetworkManager.swift; sourceTree = "<group>"; };
		CAC1C19A27A0C7D200B12258 /* GuideCollection.swift */ = {isa = PBXFileReference; lastKnownFileType = sourcecode.swift; path = GuideCollection.swift; sourceTree = "<group>"; };
		CAC1C19C27A0C7EE00B12258 /* Guide.swift */ = {isa = PBXFileReference; lastKnownFileType = sourcecode.swift; path = Guide.swift; sourceTree = "<group>"; };
		CAC1C19E27A0C8E100B12258 /* Venue.swift */ = {isa = PBXFileReference; lastKnownFileType = sourcecode.swift; path = Venue.swift; sourceTree = "<group>"; };
/* End PBXFileReference section */

/* Begin PBXFrameworksBuildPhase section */
		CAC1C17F27A0C3AA00B12258 /* Frameworks */ = {
			isa = PBXFrameworksBuildPhase;
			buildActionMask = 2147483647;
			files = (
			);
			runOnlyForDeploymentPostprocessing = 0;
		};
/* End PBXFrameworksBuildPhase section */

/* Begin PBXGroup section */
		CAC1C17927A0C3AA00B12258 = {
			isa = PBXGroup;
			children = (
				CAC1C18427A0C3AA00B12258 /* VenueChallenge */,
				CAC1C18327A0C3AA00B12258 /* Products */,
			);
			sourceTree = "<group>";
		};
		CAC1C18327A0C3AA00B12258 /* Products */ = {
			isa = PBXGroup;
			children = (
				CAC1C18227A0C3AA00B12258 /* VenueChallenge.app */,
			);
			name = Products;
			sourceTree = "<group>";
		};
		CAC1C18427A0C3AA00B12258 /* VenueChallenge */ = {
			isa = PBXGroup;
			children = (
				CAC1C19927A0C78D00B12258 /* Models */,
				CAC1C19427A0C3E500B12258 /* Views */,
				CAC1C19327A0C3BF00B12258 /* Networking */,
				CAC1C18927A0C3AC00B12258 /* Assets.xcassets */,
				CAC1C18B27A0C3AC00B12258 /* Preview Content */,
			);
			path = VenueChallenge;
			sourceTree = "<group>";
		};
		CAC1C18B27A0C3AC00B12258 /* Preview Content */ = {
			isa = PBXGroup;
			children = (
				CAC1C18C27A0C3AC00B12258 /* Preview Assets.xcassets */,
			);
			path = "Preview Content";
			sourceTree = "<group>";
		};
		CAC1C19327A0C3BF00B12258 /* Networking */ = {
			isa = PBXGroup;
			children = (
				CAC1C19527A0C3F500B12258 /* NetworkError.swift */,
				CAC1C19727A0C40C00B12258 /* NetworkManager.swift */,
			);
			path = Networking;
			sourceTree = "<group>";
		};
		CAC1C19427A0C3E500B12258 /* Views */ = {
			isa = PBXGroup;
			children = (
				CAC1C18527A0C3AA00B12258 /* VenueChallengeApp.swift */,
				CAC1C18727A0C3AA00B12258 /* ContentView.swift */,
			);
			path = Views;
			sourceTree = "<group>";
		};
		CAC1C19927A0C78D00B12258 /* Models */ = {
			isa = PBXGroup;
			children = (
				CAC1C19A27A0C7D200B12258 /* GuideCollection.swift */,
				CAC1C19C27A0C7EE00B12258 /* Guide.swift */,
				CAC1C19E27A0C8E100B12258 /* Venue.swift */,
			);
			path = Models;
			sourceTree = "<group>";
		};
/* End PBXGroup section */

/* Begin PBXNativeTarget section */
		CAC1C18127A0C3AA00B12258 /* VenueChallenge */ = {
			isa = PBXNativeTarget;
			buildConfigurationList = CAC1C19027A0C3AC00B12258 /* Build configuration list for PBXNativeTarget "VenueChallenge" */;
			buildPhases = (
				CAC1C17E27A0C3AA00B12258 /* Sources */,
				CAC1C17F27A0C3AA00B12258 /* Frameworks */,
				CAC1C18027A0C3AA00B12258 /* Resources */,
			);
			buildRules = (
			);
			dependencies = (
			);
			name = VenueChallenge;
			productName = VenueChallenge;
			productReference = CAC1C18227A0C3AA00B12258 /* VenueChallenge.app */;
			productType = "com.apple.product-type.application";
		};
/* End PBXNativeTarget section */

/* Begin PBXProject section */
		CAC1C17A27A0C3AA00B12258 /* Project object */ = {
			isa = PBXProject;
			attributes = {
				BuildIndependentTargetsInParallel = 1;
				LastSwiftUpdateCheck = 1310;
				LastUpgradeCheck = 1310;
				TargetAttributes = {
					CAC1C18127A0C3AA00B12258 = {
						CreatedOnToolsVersion = 13.1;
					};
				};
			};
			buildConfigurationList = CAC1C17D27A0C3AA00B12258 /* Build configuration list for PBXProject "VenueChallenge" */;
			compatibilityVersion = "Xcode 13.0";
			developmentRegion = en;
			hasScannedForEncodings = 0;
			knownRegions = (
				en,
				Base,
			);
			mainGroup = CAC1C17927A0C3AA00B12258;
			productRefGroup = CAC1C18327A0C3AA00B12258 /* Products */;
			projectDirPath = "";
			projectRoot = "";
			targets = (
				CAC1C18127A0C3AA00B12258 /* VenueChallenge */,
			);
		};
/* End PBXProject section */

/* Begin PBXResourcesBuildPhase section */
		CAC1C18027A0C3AA00B12258 /* Resources */ = {
			isa = PBXResourcesBuildPhase;
			buildActionMask = 2147483647;
			files = (
				CAC1C18D27A0C3AC00B12258 /* Preview Assets.xcassets in Resources */,
				CAC1C18A27A0C3AC00B12258 /* Assets.xcassets in Resources */,
			);
			runOnlyForDeploymentPostprocessing = 0;
		};
/* End PBXResourcesBuildPhase section */

/* Begin PBXSourcesBuildPhase section */
		CAC1C17E27A0C3AA00B12258 /* Sources */ = {
			isa = PBXSourcesBuildPhase;
			buildActionMask = 2147483647;
			files = (
				CAC1C19B27A0C7D200B12258 /* GuideCollection.swift in Sources */,
				CAC1C19D27A0C7EE00B12258 /* Guide.swift in Sources */,
				CAC1C19827A0C40C00B12258 /* NetworkManager.swift in Sources */,
				CAC1C19F27A0C8E100B12258 /* Venue.swift in Sources */,
				CAC1C19627A0C3F500B12258 /* NetworkError.swift in Sources */,
				CAC1C18827A0C3AA00B12258 /* ContentView.swift in Sources */,
				CAC1C18627A0C3AA00B12258 /* VenueChallengeApp.swift in Sources */,
			);
			runOnlyForDeploymentPostprocessing = 0;
		};
/* End PBXSourcesBuildPhase section */

/* Begin XCBuildConfiguration section */
		CAC1C18E27A0C3AC00B12258 /* Debug */ = {
			isa = XCBuildConfiguration;
			buildSettings = {
				ALWAYS_SEARCH_USER_PATHS = NO;
				CLANG_ANALYZER_NONNULL = YES;
				CLANG_ANALYZER_NUMBER_OBJECT_CONVERSION = YES_AGGRESSIVE;
				CLANG_CXX_LANGUAGE_STANDARD = "gnu++17";
				CLANG_CXX_LIBRARY = "libc++";
				CLANG_ENABLE_MODULES = YES;
				CLANG_ENABLE_OBJC_ARC = YES;
				CLANG_ENABLE_OBJC_WEAK = YES;
				CLANG_WARN_BLOCK_CAPTURE_AUTORELEASING = YES;
				CLANG_WARN_BOOL_CONVERSION = YES;
				CLANG_WARN_COMMA = YES;
				CLANG_WARN_CONSTANT_CONVERSION = YES;
				CLANG_WARN_DEPRECATED_OBJC_IMPLEMENTATIONS = YES;
				CLANG_WARN_DIRECT_OBJC_ISA_USAGE = YES_ERROR;
				CLANG_WARN_DOCUMENTATION_COMMENTS = YES;
				CLANG_WARN_EMPTY_BODY = YES;
				CLANG_WARN_ENUM_CONVERSION = YES;
				CLANG_WARN_INFINITE_RECURSION = YES;
				CLANG_WARN_INT_CONVERSION = YES;
				CLANG_WARN_NON_LITERAL_NULL_CONVERSION = YES;
				CLANG_WARN_OBJC_IMPLICIT_RETAIN_SELF = YES;
				CLANG_WARN_OBJC_LITERAL_CONVERSION = YES;
				CLANG_WARN_OBJC_ROOT_CLASS = YES_ERROR;
				CLANG_WARN_QUOTED_INCLUDE_IN_FRAMEWORK_HEADER = YES;
				CLANG_WARN_RANGE_LOOP_ANALYSIS = YES;
				CLANG_WARN_STRICT_PROTOTYPES = YES;
				CLANG_WARN_SUSPICIOUS_MOVE = YES;
				CLANG_WARN_UNGUARDED_AVAILABILITY = YES_AGGRESSIVE;
				CLANG_WARN_UNREACHABLE_CODE = YES;
				CLANG_WARN__DUPLICATE_METHOD_MATCH = YES;
				COPY_PHASE_STRIP = NO;
				DEBUG_INFORMATION_FORMAT = dwarf;
				ENABLE_STRICT_OBJC_MSGSEND = YES;
				ENABLE_TESTABILITY = YES;
				GCC_C_LANGUAGE_STANDARD = gnu11;
				GCC_DYNAMIC_NO_PIC = NO;
				GCC_NO_COMMON_BLOCKS = YES;
				GCC_OPTIMIZATION_LEVEL = 0;
				GCC_PREPROCESSOR_DEFINITIONS = (
					"DEBUG=1",
					"$(inherited)",
				);
				GCC_WARN_64_TO_32_BIT_CONVERSION = YES;
				GCC_WARN_ABOUT_RETURN_TYPE = YES_ERROR;
				GCC_WARN_UNDECLARED_SELECTOR = YES;
				GCC_WARN_UNINITIALIZED_AUTOS = YES_AGGRESSIVE;
				GCC_WARN_UNUSED_FUNCTION = YES;
				GCC_WARN_UNUSED_VARIABLE = YES;
				IPHONEOS_DEPLOYMENT_TARGET = 15.0;
				MTL_ENABLE_DEBUG_INFO = INCLUDE_SOURCE;
				MTL_FAST_MATH = YES;
				ONLY_ACTIVE_ARCH = YES;
				SDKROOT = iphoneos;
				SWIFT_ACTIVE_COMPILATION_CONDITIONS = DEBUG;
				SWIFT_OPTIMIZATION_LEVEL = "-Onone";
			};
			name = Debug;
		};
		CAC1C18F27A0C3AC00B12258 /* Release */ = {
			isa = XCBuildConfiguration;
			buildSettings = {
				ALWAYS_SEARCH_USER_PATHS = NO;
				CLANG_ANALYZER_NONNULL = YES;
				CLANG_ANALYZER_NUMBER_OBJECT_CONVERSION = YES_AGGRESSIVE;
				CLANG_CXX_LANGUAGE_STANDARD = "gnu++17";
				CLANG_CXX_LIBRARY = "libc++";
				CLANG_ENABLE_MODULES = YES;
				CLANG_ENABLE_OBJC_ARC = YES;
				CLANG_ENABLE_OBJC_WEAK = YES;
				CLANG_WARN_BLOCK_CAPTURE_AUTORELEASING = YES;
				CLANG_WARN_BOOL_CONVERSION = YES;
				CLANG_WARN_COMMA = YES;
				CLANG_WARN_CONSTANT_CONVERSION = YES;
				CLANG_WARN_DEPRECATED_OBJC_IMPLEMENTATIONS = YES;
				CLANG_WARN_DIRECT_OBJC_ISA_USAGE = YES_ERROR;
				CLANG_WARN_DOCUMENTATION_COMMENTS = YES;
				CLANG_WARN_EMPTY_BODY = YES;
				CLANG_WARN_ENUM_CONVERSION = YES;
				CLANG_WARN_INFINITE_RECURSION = YES;
				CLANG_WARN_INT_CONVERSION = YES;
				CLANG_WARN_NON_LITERAL_NULL_CONVERSION = YES;
				CLANG_WARN_OBJC_IMPLICIT_RETAIN_SELF = YES;
				CLANG_WARN_OBJC_LITERAL_CONVERSION = YES;
				CLANG_WARN_OBJC_ROOT_CLASS = YES_ERROR;
				CLANG_WARN_QUOTED_INCLUDE_IN_FRAMEWORK_HEADER = YES;
				CLANG_WARN_RANGE_LOOP_ANALYSIS = YES;
				CLANG_WARN_STRICT_PROTOTYPES = YES;
				CLANG_WARN_SUSPICIOUS_MOVE = YES;
				CLANG_WARN_UNGUARDED_AVAILABILITY = YES_AGGRESSIVE;
				CLANG_WARN_UNREACHABLE_CODE = YES;
				CLANG_WARN__DUPLICATE_METHOD_MATCH = YES;
				COPY_PHASE_STRIP = NO;
				DEBUG_INFORMATION_FORMAT = "dwarf-with-dsym";
				ENABLE_NS_ASSERTIONS = NO;
				ENABLE_STRICT_OBJC_MSGSEND = YES;
				GCC_C_LANGUAGE_STANDARD = gnu11;
				GCC_NO_COMMON_BLOCKS = YES;
				GCC_WARN_64_TO_32_BIT_CONVERSION = YES;
				GCC_WARN_ABOUT_RETURN_TYPE = YES_ERROR;
				GCC_WARN_UNDECLARED_SELECTOR = YES;
				GCC_WARN_UNINITIALIZED_AUTOS = YES_AGGRESSIVE;
				GCC_WARN_UNUSED_FUNCTION = YES;
				GCC_WARN_UNUSED_VARIABLE = YES;
				IPHONEOS_DEPLOYMENT_TARGET = 15.0;
				MTL_ENABLE_DEBUG_INFO = NO;
				MTL_FAST_MATH = YES;
				SDKROOT = iphoneos;
				SWIFT_COMPILATION_MODE = wholemodule;
				SWIFT_OPTIMIZATION_LEVEL = "-O";
				VALIDATE_PRODUCT = YES;
			};
			name = Release;
		};
		CAC1C19127A0C3AC00B12258 /* Debug */ = {
			isa = XCBuildConfiguration;
			buildSettings = {
				ASSETCATALOG_COMPILER_APPICON_NAME = AppIcon;
				ASSETCATALOG_COMPILER_GLOBAL_ACCENT_COLOR_NAME = AccentColor;
				CODE_SIGN_STYLE = Automatic;
				CURRENT_PROJECT_VERSION = 1;
				DEVELOPMENT_ASSET_PATHS = "\"VenueChallenge/Preview Content\"";
				DEVELOPMENT_TEAM = VV5W92WPXN;
				ENABLE_PREVIEWS = YES;
				GENERATE_INFOPLIST_FILE = YES;
				INFOPLIST_KEY_UIApplicationSceneManifest_Generation = YES;
				INFOPLIST_KEY_UIApplicationSupportsIndirectInputEvents = YES;
				INFOPLIST_KEY_UILaunchScreen_Generation = YES;
				INFOPLIST_KEY_UISupportedInterfaceOrientations_iPad = "UIInterfaceOrientationPortrait UIInterfaceOrientationPortraitUpsideDown UIInterfaceOrientationLandscapeLeft UIInterfaceOrientationLandscapeRight";
				INFOPLIST_KEY_UISupportedInterfaceOrientations_iPhone = "UIInterfaceOrientationPortrait UIInterfaceOrientationLandscapeLeft UIInterfaceOrientationLandscapeRight";
				LD_RUNPATH_SEARCH_PATHS = (
					"$(inherited)",
					"@executable_path/Frameworks",
				);
				MARKETING_VERSION = 1.0;
				PRODUCT_BUNDLE_IDENTIFIER = dev.bradysimon.VenueChallenge;
				PRODUCT_NAME = "$(TARGET_NAME)";
				SWIFT_EMIT_LOC_STRINGS = YES;
				SWIFT_VERSION = 5.0;
				TARGETED_DEVICE_FAMILY = "1,2";
			};
			name = Debug;
		};
		CAC1C19227A0C3AC00B12258 /* Release */ = {
			isa = XCBuildConfiguration;
			buildSettings = {
				ASSETCATALOG_COMPILER_APPICON_NAME = AppIcon;
				ASSETCATALOG_COMPILER_GLOBAL_ACCENT_COLOR_NAME = AccentColor;
				CODE_SIGN_STYLE = Automatic;
				CURRENT_PROJECT_VERSION = 1;
				DEVELOPMENT_ASSET_PATHS = "\"VenueChallenge/Preview Content\"";
				DEVELOPMENT_TEAM = VV5W92WPXN;
				ENABLE_PREVIEWS = YES;
				GENERATE_INFOPLIST_FILE = YES;
				INFOPLIST_KEY_UIApplicationSceneManifest_Generation = YES;
				INFOPLIST_KEY_UIApplicationSupportsIndirectInputEvents = YES;
				INFOPLIST_KEY_UILaunchScreen_Generation = YES;
				INFOPLIST_KEY_UISupportedInterfaceOrientations_iPad = "UIInterfaceOrientationPortrait UIInterfaceOrientationPortraitUpsideDown UIInterfaceOrientationLandscapeLeft UIInterfaceOrientationLandscapeRight";
				INFOPLIST_KEY_UISupportedInterfaceOrientations_iPhone = "UIInterfaceOrientationPortrait UIInterfaceOrientationLandscapeLeft UIInterfaceOrientationLandscapeRight";
				LD_RUNPATH_SEARCH_PATHS = (
					"$(inherited)",
					"@executable_path/Frameworks",
				);
				MARKETING_VERSION = 1.0;
				PRODUCT_BUNDLE_IDENTIFIER = dev.bradysimon.VenueChallenge;
				PRODUCT_NAME = "$(TARGET_NAME)";
				SWIFT_EMIT_LOC_STRINGS = YES;
				SWIFT_VERSION = 5.0;
				TARGETED_DEVICE_FAMILY = "1,2";
			};
			name = Release;
		};
/* End XCBuildConfiguration section */

/* Begin XCConfigurationList section */
		CAC1C17D27A0C3AA00B12258 /* Build configuration list for PBXProject "VenueChallenge" */ = {
			isa = XCConfigurationList;
			buildConfigurations = (
				CAC1C18E27A0C3AC00B12258 /* Debug */,
				CAC1C18F27A0C3AC00B12258 /* Release */,
			);
			defaultConfigurationIsVisible = 0;
			defaultConfigurationName = Release;
		};
		CAC1C19027A0C3AC00B12258 /* Build configuration list for PBXNativeTarget "VenueChallenge" */ = {
			isa = XCConfigurationList;
			buildConfigurations = (
				CAC1C19127A0C3AC00B12258 /* Debug */,
				CAC1C19227A0C3AC00B12258 /* Release */,
			);
			defaultConfigurationIsVisible = 0;
			defaultConfigurationName = Release;
		};
/* End XCConfigurationList section */
	};
	rootObject = CAC1C17A27A0C3AA00B12258 /* Project object */;
}
